
Microsoft Visual Studio Solution File, Format Version 12.00
# Visual Studio Version 17
VisualStudioVersion = 17.6.33712.159
MinimumVisualStudioVersion = 10.0.40219.1
Project("{FAE04EC0-301F-11D3-BF4B-00C04F79EFBC}") = "WebApplication1", "WebApplication1\WebApplication1.csproj", "{08C40042-A702-4351-8DCB-35EBCA52DEF3}"
EndProject
Global
	GlobalSection(SolutionConfigurationPlatforms) = preSolution
		Debug|Any CPU = Debug|Any CPU
		Release|Any CPU = Release|Any CPU
	EndGlobalSection
	GlobalSection(ProjectConfigurationPlatforms) = postSolution
		{08C40042-A702-4351-8DCB-35EBCA52DEF3}.Debug|Any CPU.ActiveCfg = Debug|Any CPU
		{08C40042-A702-4351-8DCB-35EBCA52DEF3}.Debug|Any CPU.Build.0 = Debug|Any CPU
		{08C40042-A702-4351-8DCB-35EBCA52DEF3}.Release|Any CPU.ActiveCfg = Release|Any CPU
		{08C40042-A702-4351-8DCB-35EBCA52DEF3}.Release|Any CPU.Build.0 = Release|Any CPU
	EndGlobalSection
	GlobalSection(SolutionProperties) = preSolution
		HideSolutionNode = FALSE
	EndGlobalSection
	GlobalSection(ExtensibilityGlobals) = postSolution
		SolutionGuid = {19148264-67B0-4B47-8457-5886E0055C52}
	EndGlobalSection
EndGlobal
